dependencies:
- name: common
  repository: https://charts.bitnami.com/bitnami
  version: 1.13.0
- name: mysql
  repository: https://charts.bitnami.com/bitnami
  version: 9.15.0
- name: redis
  repository: https://charts.bitnami.com/bitnami
  version: 16.13.2
- name: etcd
  repository: https://charts.bitnami.com/bitnami
  version: 9.7.5
- name: reloader
  repository: https://stakater.github.io/stakater-charts
  version: 1.0.54
- name: grafana
  repository: file://./charts/grafana
  version: 7.9.8
- name: dbm
  repository: file://charts/dbm
  version: 0.1.31
- name: dbconfig
  repository: file://charts/dbconfig
  version: 0.1.12
- name: dbpriv
  repository: file://charts/dbpriv
  version: 0.1.33
- name: dbpartition
  repository: file://charts/dbpartition
  version: 0.1.11
- name: db-simulation
  repository: file://charts/db-simulation
  version: 0.1.11
- name: db-remote-service
  repository: file://charts/db-remote-service
  version: 0.9.5
- name: db-dns-api
  repository: file://charts/db-dns-api
  version: 0.1.6
- name: hadb-api
  repository: file://charts/hadb-api
  version: 0.0.11
- name: db-resource
  repository: file://charts/db-resource
  version: 0.0.11
- name: db-celery-service
  repository: file://charts/db-celery-service
  version: 0.0.10
- name: slow-query-parser-service
  repository: file://charts/slow-query-parser-service
  version: 0.0.4
- name: backup-server
  repository: file://charts/backup-server
  version: 0.0.4
- name: backup-consumer
  repository: file://charts/backup-consumer
  version: 0.0.3
digest: sha256:fb23872583e43da18a82a66979e2c0be8bc737d32fa04fc5e567741392484e25
generated: "2023-12-16T16:58:39.846364+08:00"
