es:
- actuator:
    buildPath: /blueking-dbm/dbm-services/bigdata/db-tools/dbactuator/build/dbactuator
    commitId: bb54e3676a01ce41e6c3b432c4892acf168f2f56
    name: dbactuator
    version: 1.0.1
hdfs:
- actuator:
    buildPath: /blueking-dbm/dbm-services/bigdata/db-tools/dbactuator/build/dbactuator
    commitId: bb54e3676a01ce41e6c3b432c4892acf168f2f56
    name: dbactuator
    version: 1.0.1
influxdb:
- actuator:
    buildPath: /blueking-dbm/dbm-services/bigdata/db-tools/dbactuator/build/dbactuator
    commitId: bb54e3676a01ce41e6c3b432c4892acf168f2f56
    name: dbactuator
    version: 1.0.1
kafka:
- actuator:
    buildPath: /blueking-dbm/dbm-services/bigdata/db-tools/dbactuator/build/dbactuator
    commitId: bb54e3676a01ce41e6c3b432c4892acf168f2f56
    name: dbactuator
    version: 1.0.1
mysql:
- actuator:
    buildPath: /blueking-dbm/dbm-services/mysql/db-tools/dbactuator/build/dbactuator
    commitId: ca7fefa9e01b7eb64f5604b10495c035ace05581
    name: dbactuator
    version: 1.0.1
- dbbackup:
    buildPath: /blueking-dbm/dbm-services/mysql/db-tools/mysql-dbbackup/build/dbbackup-go-txsql.tar.gz
    commitId: d451a96ded6f360315b236dddcec5a8db80e7c9f
    name: dbbackup-go-txsql.tar.gz
    version: 1.0.1
- mysql-checksum:
    buildPath: /blueking-dbm/dbm-services/mysql/db-tools/mysql-table-checksum/build/mysql-checksum.tar.gz
    commitId: 7862e4dad54837ec56dcd0bcf45431f50c22ddcb
    name: mysql-checksum.tar.gz
    version: 1.0.1
- mysql-crond:
    buildPath: /blueking-dbm/dbm-services/mysql/db-tools/mysql-crond/build/mysql-crond.tar.gz
    commitId: 7862e4dad54837ec56dcd0bcf45431f50c22ddcb
    name: mysql-crond.tar.gz
    version: 1.0.1
- rotate-binlog:
    buildPath: /blueking-dbm/dbm-services/mysql/db-tools/mysql-rotatebinlog/build/mysql-rotatebinlog.tar.gz
    commitId: d451a96ded6f360315b236dddcec5a8db80e7c9f
    name: mysql-rotatebinlog.tar.gz
    version: 1.0.1
- mysql-monitor:
    buildPath: /blueking-dbm/dbm-services/mysql/db-tools/mysql-monitor/build/mysql-monitor.tar.gz
    commitId: 7862e4dad54837ec56dcd0bcf45431f50c22ddcb
    name: mysql-monitor.tar.gz
    version: 1.0.1
pulsar:
- actuator:
    buildPath: /blueking-dbm/dbm-services/bigdata/db-tools/dbactuator/build/dbactuator
    commitId: bb54e3676a01ce41e6c3b432c4892acf168f2f56
    name: dbactuator
    version: 1.0.1
redis:
- actuator:
    buildPath: /blueking-dbm/dbm-services/redis/db-tools/dbactuator/build/dbactuator_redis
    commitId: xxx
    name: dbactuator_redis
    version: 1.0.1
